<?xml version="1.0" encoding="utf-8"?>
<Project ToolsVersion="4.0" xmlns="http://schemas.microsoft.com/developer/msbuild/2003">
  <ItemGroup>
    <Filter Include="Source Files">
      <UniqueIdentifier>{8f4a7366-1e6f-412b-833b-1e0fe8e70b71}</UniqueIdentifier>
      <Extensions>cpp;c;cxx;rc;def;r;odl;idl;hpj;bat</Extensions>
    </Filter>
    <Filter Include="Source Files\csurfs">
      <UniqueIdentifier>{0e0d7534-ff01-47bb-a327-898c976192fc}</UniqueIdentifier>
    </Filter>
    <Filter Include="Header Files">
      <UniqueIdentifier>{c7018b2d-698c-4910-84e4-4fbe15496903}</UniqueIdentifier>
      <Extensions>h;hpp;hxx;hm;inl</Extensions>
    </Filter>
    <Filter Include="Resource Files">
      <UniqueIdentifier>{2bcc242d-ec56-4655-a4de-904e8158f030}</UniqueIdentifier>
      <Extensions>ico;cur;bmp;dlg;rc2;rct;bin;rgs;gif;jpg;jpeg;jpe</Extensions>
    </Filter>
  </ItemGroup>
  <ItemGroup>
    <ClInclude Include="csurf.h">
      <Filter>Source Files</Filter>
    </ClInclude>
    <ClInclude Include="TrackFromGUID.h">
      <Filter>Source Files\csurfs</Filter>
    </ClInclude>
    <ClInclude Include="..\peak_cache.h">
      <Filter>Header Files</Filter>
    </ClInclude>
    <ClInclude Include="..\reaper_plugin.h">
      <Filter>Header Files</Filter>
    </ClInclude>
    <ClInclude Include="..\reaper_plugin_functions.h">
      <Filter>Header Files</Filter>
    </ClInclude>
    <ClInclude Include="resource.h">
      <Filter>Header Files</Filter>
    </ClInclude>
  </ItemGroup>
  <ItemGroup>
    <ClCompile Include="csurf_main.cpp">
      <Filter>Source Files</Filter>
    </ClCompile>
    <ClCompile Include="csurf_mf8.cpp">
      <Filter>Source Files\csurfs</Filter>
    </ClCompile>
    <ClCompile Include="TrackFromGUID.cpp">
      <Filter>Source Files\csurfs</Filter>
    </ClCompile>
  </ItemGroup>
  <ItemGroup>
    <ResourceCompile Include="res.rc">
      <Filter>Source Files</Filter>
    </ResourceCompile>
  </ItemGroup>
</Project>