
Microsoft Visual Studio Solution File, Format Version 10.00
# Visual C++ Express 2008
Project("{8BC9CEB8-8B4A-11D0-8D11-00A0C91BC942}") = "reaper_csurf_mf8", "reaper_csurf_mf8.vcproj", "{8FFD4B21-BD75-4A62-BD45-068FD44145E1}"
EndProject
Global
	GlobalSection(SolutionConfigurationPlatforms) = preSolution
		Debug|Win32 = Debug|Win32
		Release|Win32 = Release|Win32
	EndGlobalSection
	GlobalSection(ProjectConfigurationPlatforms) = postSolution
		{8FFD4B21-BD75-4A62-BD45-068FD44145E1}.Debug|Win32.ActiveCfg = Debug|Win32
		{8FFD4B21-BD75-4A62-BD45-068FD44145E1}.Debug|Win32.Build.0 = Debug|Win32
		{8FFD4B21-BD75-4A62-BD45-068FD44145E1}.Release|Win32.ActiveCfg = Release|Win32
		{8FFD4B21-BD75-4A62-BD45-068FD44145E1}.Release|Win32.Build.0 = Release|Win32
	EndGlobalSection
	GlobalSection(SolutionProperties) = preSolution
		HideSolutionNode = FALSE
	EndGlobalSection
EndGlobal
